
Microsoft Visual Studio Solution File, Format Version 12.00
# Visual Studio 14
VisualStudioVersion = 14.0.25123.0
MinimumVisualStudioVersion = 10.0.40219.1
Project("{FAE04EC0-301F-11D3-BF4B-00C04F79EFBC}") = "FuzzyAlgorithm", "FuzzyAlgorithm\FuzzyAlgorithm.csproj", "{8C2735A6-C718-4B35-9CF8-F46138065A42}"
EndProject
Project("{FAE04EC0-301F-11D3-BF4B-00C04F79EFBC}") = "FuzzyTests", "FuzzyTests\FuzzyTests.csproj", "{E3FEF2DE-59F7-4B35-8B36-8076D1E84A4B}"
EndProject
Global
	GlobalSection(SolutionConfigurationPlatforms) = preSolution
		Debug|Any CPU = Debug|Any CPU
		Release|Any CPU = Release|Any CPU
	EndGlobalSection
	GlobalSection(ProjectConfigurationPlatforms) = postSolution
		{8C2735A6-C718-4B35-9CF8-F46138065A42}.Debug|Any CPU.ActiveCfg = Debug|Any CPU
		{8C2735A6-C718-4B35-9CF8-F46138065A42}.Debug|Any CPU.Build.0 = Debug|Any CPU
		{8C2735A6-C718-4B35-9CF8-F46138065A42}.Release|Any CPU.ActiveCfg = Release|Any CPU
		{8C2735A6-C718-4B35-9CF8-F46138065A42}.Release|Any CPU.Build.0 = Release|Any CPU
		{E3FEF2DE-59F7-4B35-8B36-8076D1E84A4B}.Debug|Any CPU.ActiveCfg = Debug|Any CPU
		{E3FEF2DE-59F7-4B35-8B36-8076D1E84A4B}.Debug|Any CPU.Build.0 = Debug|Any CPU
		{E3FEF2DE-59F7-4B35-8B36-8076D1E84A4B}.Release|Any CPU.ActiveCfg = Release|Any CPU
		{E3FEF2DE-59F7-4B35-8B36-8076D1E84A4B}.Release|Any CPU.Build.0 = Release|Any CPU
	EndGlobalSection
	GlobalSection(SolutionProperties) = preSolution
		HideSolutionNode = FALSE
	EndGlobalSection
EndGlobal
