
Microsoft Visual Studio Solution File, Format Version 12.00
# Visual Studio 14
VisualStudioVersion = 14.0.24720.0
MinimumVisualStudioVersion = 10.0.40219.1
Project("{FAE04EC0-301F-11D3-BF4B-00C04F79EFBC}") = "NuWay", "NuWay\NuWay.csproj", "{9767757A-80DD-4925-BBED-5778E17E3F08}"
EndProject
Project("{FAE04EC0-301F-11D3-BF4B-00C04F79EFBC}") = "NuWayUnitTestProject", "NuWayUnitTestProject\NuWayUnitTestProject.csproj", "{11DA2CD7-157D-4E60-BE7B-7D36DC052187}"
EndProject
Global
	GlobalSection(SolutionConfigurationPlatforms) = preSolution
		Debug|Any CPU = Debug|Any CPU
		Release|Any CPU = Release|Any CPU
	EndGlobalSection
	GlobalSection(ProjectConfigurationPlatforms) = postSolution
		{9767757A-80DD-4925-BBED-5778E17E3F08}.Debug|Any CPU.ActiveCfg = Debug|Any CPU
		{9767757A-80DD-4925-BBED-5778E17E3F08}.Debug|Any CPU.Build.0 = Debug|Any CPU
		{9767757A-80DD-4925-BBED-5778E17E3F08}.Release|Any CPU.ActiveCfg = Release|Any CPU
		{9767757A-80DD-4925-BBED-5778E17E3F08}.Release|Any CPU.Build.0 = Release|Any CPU
		{11DA2CD7-157D-4E60-BE7B-7D36DC052187}.Debug|Any CPU.ActiveCfg = Debug|Any CPU
		{11DA2CD7-157D-4E60-BE7B-7D36DC052187}.Debug|Any CPU.Build.0 = Debug|Any CPU
		{11DA2CD7-157D-4E60-BE7B-7D36DC052187}.Release|Any CPU.ActiveCfg = Release|Any CPU
		{11DA2CD7-157D-4E60-BE7B-7D36DC052187}.Release|Any CPU.Build.0 = Release|Any CPU
	EndGlobalSection
	GlobalSection(SolutionProperties) = preSolution
		HideSolutionNode = FALSE
	EndGlobalSection
EndGlobal
